
Microsoft Visual Studio Solution File, Format Version 12.00
# Visual Studio 15
VisualStudioVersion = 15.0.26730.16
MinimumVisualStudioVersion = 10.0.40219.1
Project("{9A19103F-16F7-4668-BE54-9A1E7A4F7556}") = "TesWCF", "TesWCF\TesWCF.csproj", "{BC4CAA20-8B7A-406E-9AA8-DED79927730B}"
EndProject
Project("{FAE04EC0-301F-11D3-BF4B-00C04F79EFBC}") = "Ex1", "WebApplication1\Ex1.csproj", "{24FF9C16-AD28-4FE5-8403-B5BF2F6B3957}"
EndProject
Global
	GlobalSection(SolutionConfigurationPlatforms) = preSolution
		Debug|Any CPU = Debug|Any CPU
		Release|Any CPU = Release|Any CPU
	EndGlobalSection
	GlobalSection(ProjectConfigurationPlatforms) = postSolution
		{BC4CAA20-8B7A-406E-9AA8-DED79927730B}.Debug|Any CPU.ActiveCfg = Debug|Any CPU
		{BC4CAA20-8B7A-406E-9AA8-DED79927730B}.Debug|Any CPU.Build.0 = Debug|Any CPU
		{BC4CAA20-8B7A-406E-9AA8-DED79927730B}.Release|Any CPU.ActiveCfg = Release|Any CPU
		{BC4CAA20-8B7A-406E-9AA8-DED79927730B}.Release|Any CPU.Build.0 = Release|Any CPU
		{24FF9C16-AD28-4FE5-8403-B5BF2F6B3957}.Debug|Any CPU.ActiveCfg = Debug|Any CPU
		{24FF9C16-AD28-4FE5-8403-B5BF2F6B3957}.Debug|Any CPU.Build.0 = Debug|Any CPU
		{24FF9C16-AD28-4FE5-8403-B5BF2F6B3957}.Release|Any CPU.ActiveCfg = Release|Any CPU
		{24FF9C16-AD28-4FE5-8403-B5BF2F6B3957}.Release|Any CPU.Build.0 = Release|Any CPU
	EndGlobalSection
	GlobalSection(SolutionProperties) = preSolution
		HideSolutionNode = FALSE
	EndGlobalSection
	GlobalSection(ExtensibilityGlobals) = postSolution
		SolutionGuid = {30F9E036-51C6-41F5-B65C-81A5A6ADA880}
	EndGlobalSection
EndGlobal
